
Microsoft Visual Studio Solution File, Format Version 12.00
# Visual Studio 15
VisualStudioVersion = 15.0.27428.2043
MinimumVisualStudioVersion = 10.0.40219.1
Project("{8BC9CEB8-8B4A-11D0-8D11-00A0C91BC942}") = "CHttpUrl", "CHttpUrl\CHttpUrl.vcxproj", "{539E2D89-A08B-4A1F-A46C-E454C8AA78D8}"
EndProject
Project("{8BC9CEB8-8B4A-11D0-8D11-00A0C91BC942}") = "CHttpUrlTests", "..\CHttpUrlTests\CHttpUrlTests\CHttpUrlTests.vcxproj", "{0D026711-A76E-45AB-8D17-97B1F7C147C0}"
EndProject
Global
	GlobalSection(SolutionConfigurationPlatforms) = preSolution
		Debug|x64 = Debug|x64
		Debug|x86 = Debug|x86
		Release|x64 = Release|x64
		Release|x86 = Release|x86
	EndGlobalSection
	GlobalSection(ProjectConfigurationPlatforms) = postSolution
		{539E2D89-A08B-4A1F-A46C-E454C8AA78D8}.Debug|x64.ActiveCfg = Debug|x64
		{539E2D89-A08B-4A1F-A46C-E454C8AA78D8}.Debug|x64.Build.0 = Debug|x64
		{539E2D89-A08B-4A1F-A46C-E454C8AA78D8}.Debug|x86.ActiveCfg = Debug|Win32
		{539E2D89-A08B-4A1F-A46C-E454C8AA78D8}.Debug|x86.Build.0 = Debug|Win32
		{539E2D89-A08B-4A1F-A46C-E454C8AA78D8}.Release|x64.ActiveCfg = Release|x64
		{539E2D89-A08B-4A1F-A46C-E454C8AA78D8}.Release|x64.Build.0 = Release|x64
		{539E2D89-A08B-4A1F-A46C-E454C8AA78D8}.Release|x86.ActiveCfg = Release|Win32
		{539E2D89-A08B-4A1F-A46C-E454C8AA78D8}.Release|x86.Build.0 = Release|Win32
		{0D026711-A76E-45AB-8D17-97B1F7C147C0}.Debug|x64.ActiveCfg = Debug|x64
		{0D026711-A76E-45AB-8D17-97B1F7C147C0}.Debug|x64.Build.0 = Debug|x64
		{0D026711-A76E-45AB-8D17-97B1F7C147C0}.Debug|x86.ActiveCfg = Debug|Win32
		{0D026711-A76E-45AB-8D17-97B1F7C147C0}.Debug|x86.Build.0 = Debug|Win32
		{0D026711-A76E-45AB-8D17-97B1F7C147C0}.Release|x64.ActiveCfg = Release|x64
		{0D026711-A76E-45AB-8D17-97B1F7C147C0}.Release|x64.Build.0 = Release|x64
		{0D026711-A76E-45AB-8D17-97B1F7C147C0}.Release|x86.ActiveCfg = Release|Win32
		{0D026711-A76E-45AB-8D17-97B1F7C147C0}.Release|x86.Build.0 = Release|Win32
	EndGlobalSection
	GlobalSection(SolutionProperties) = preSolution
		HideSolutionNode = FALSE
	EndGlobalSection
	GlobalSection(ExtensibilityGlobals) = postSolution
		SolutionGuid = {4E0D7C18-7652-49B3-9B95-D77FD0B87470}
	EndGlobalSection
EndGlobal
