
Microsoft Visual Studio Solution File, Format Version 12.00
# Visual Studio 15
VisualStudioVersion = 15.0.27428.2043
MinimumVisualStudioVersion = 10.0.40219.1
Project("{8BC9CEB8-8B4A-11D0-8D11-00A0C91BC942}") = "CMyList", "CMyList\CMyList.vcxproj", "{A49195B9-2D82-483E-A360-B0399A6B6E28}"
EndProject
Project("{8BC9CEB8-8B4A-11D0-8D11-00A0C91BC942}") = "CMyListTests", "..\CMyListTests\CMyListTests\CMyListTests.vcxproj", "{0A517AE9-714B-4A1C-A6D7-02BF3CD7C30E}"
EndProject
Global
	GlobalSection(SolutionConfigurationPlatforms) = preSolution
		Debug|x64 = Debug|x64
		Debug|x86 = Debug|x86
		Release|x64 = Release|x64
		Release|x86 = Release|x86
	EndGlobalSection
	GlobalSection(ProjectConfigurationPlatforms) = postSolution
		{A49195B9-2D82-483E-A360-B0399A6B6E28}.Debug|x64.ActiveCfg = Debug|x64
		{A49195B9-2D82-483E-A360-B0399A6B6E28}.Debug|x64.Build.0 = Debug|x64
		{A49195B9-2D82-483E-A360-B0399A6B6E28}.Debug|x86.ActiveCfg = Debug|Win32
		{A49195B9-2D82-483E-A360-B0399A6B6E28}.Debug|x86.Build.0 = Debug|Win32
		{A49195B9-2D82-483E-A360-B0399A6B6E28}.Release|x64.ActiveCfg = Release|x64
		{A49195B9-2D82-483E-A360-B0399A6B6E28}.Release|x64.Build.0 = Release|x64
		{A49195B9-2D82-483E-A360-B0399A6B6E28}.Release|x86.ActiveCfg = Release|Win32
		{A49195B9-2D82-483E-A360-B0399A6B6E28}.Release|x86.Build.0 = Release|Win32
		{0A517AE9-714B-4A1C-A6D7-02BF3CD7C30E}.Debug|x64.ActiveCfg = Debug|x64
		{0A517AE9-714B-4A1C-A6D7-02BF3CD7C30E}.Debug|x64.Build.0 = Debug|x64
		{0A517AE9-714B-4A1C-A6D7-02BF3CD7C30E}.Debug|x86.ActiveCfg = Debug|Win32
		{0A517AE9-714B-4A1C-A6D7-02BF3CD7C30E}.Debug|x86.Build.0 = Debug|Win32
		{0A517AE9-714B-4A1C-A6D7-02BF3CD7C30E}.Release|x64.ActiveCfg = Release|x64
		{0A517AE9-714B-4A1C-A6D7-02BF3CD7C30E}.Release|x64.Build.0 = Release|x64
		{0A517AE9-714B-4A1C-A6D7-02BF3CD7C30E}.Release|x86.ActiveCfg = Release|Win32
		{0A517AE9-714B-4A1C-A6D7-02BF3CD7C30E}.Release|x86.Build.0 = Release|Win32
	EndGlobalSection
	GlobalSection(SolutionProperties) = preSolution
		HideSolutionNode = FALSE
	EndGlobalSection
	GlobalSection(ExtensibilityGlobals) = postSolution
		SolutionGuid = {48C884B8-4289-4CFE-8CDA-091BF640A211}
	EndGlobalSection
EndGlobal
